
Microsoft Visual Studio Solution File, Format Version 12.00
# Visual Studio Version 17
VisualStudioVersion = 17.3.32819.101
MinimumVisualStudioVersion = 10.0.40219.1
Project("{FAE04EC0-301F-11D3-BF4B-00C04F79EFBC}") = "CopyFromallExcelFiles", "CopyFromallExcelFiles.csproj", "{5A81ED95-F128-46E3-A142-FF06A35186BE}"
EndProject
Global
	GlobalSection(SolutionConfigurationPlatforms) = preSolution
		Debug|Any CPU = Debug|Any CPU
		Release|Any CPU = Release|Any CPU
	EndGlobalSection
	GlobalSection(ProjectConfigurationPlatforms) = postSolution
		{5A81ED95-F128-46E3-A142-FF06A35186BE}.Debug|Any CPU.ActiveCfg = Debug|Any CPU
		{5A81ED95-F128-46E3-A142-FF06A35186BE}.Debug|Any CPU.Build.0 = Debug|Any CPU
		{5A81ED95-F128-46E3-A142-FF06A35186BE}.Release|Any CPU.ActiveCfg = Release|Any CPU
		{5A81ED95-F128-46E3-A142-FF06A35186BE}.Release|Any CPU.Build.0 = Release|Any CPU
	EndGlobalSection
	GlobalSection(SolutionProperties) = preSolution
		HideSolutionNode = FALSE
	EndGlobalSection
	GlobalSection(ExtensibilityGlobals) = postSolution
		SolutionGuid = {F1A5901D-755D-4F42-BB2C-0C24AD273481}
	EndGlobalSection
EndGlobal
